// !$*UTF8*$!
{
	archiveVersion = 1;
	classes = {
	};
	objectVersion = 56;
	objects = {

/* Begin PBXBuildFile section */
		18B604822CC28D39004653BA /* PokeAPI_interview_testApp.swift in Sources */ = {isa = PBXBuildFile; fileRef = 18B604812CC28D39004653BA /* PokeAPI_interview_testApp.swift */; };
		18B604842CC28D39004653BA /* PokemonView.swift in Sources */ = {isa = PBXBuildFile; fileRef = 18B604832CC28D39004653BA /* PokemonView.swift */; };
		18B604862CC28D3E004653BA /* Assets.xcassets in Resources */ = {isa = PBXBuildFile; fileRef = 18B604852CC28D3E004653BA /* Assets.xcassets */; };
		18B604892CC28D3E004653BA /* Preview Assets.xcassets in Resources */ = {isa = PBXBuildFile; fileRef = 18B604882CC28D3E004653BA /* Preview Assets.xcassets */; };
		18B604902CC28E10004653BA /* HTTPClient.swift in Sources */ = {isa = PBXBuildFile; fileRef = 18B6048F2CC28E10004653BA /* HTTPClient.swift */; };
		18B604922CC29164004653BA /* RequestType.swift in Sources */ = {isa = PBXBuildFile; fileRef = 18B604912CC29164004653BA /* RequestType.swift */; };
		18B604942CC2924B004653BA /* URLSessionHTTPClient.swift in Sources */ = {isa = PBXBuildFile; fileRef = 18B604932CC2924B004653BA /* URLSessionHTTPClient.swift */; };
		18B6049D2CC292E3004653BA /* HTTPClientEndToEndTests.swift in Sources */ = {isa = PBXBuildFile; fileRef = 18B6049C2CC292E3004653BA /* HTTPClientEndToEndTests.swift */; };
		18CE7A522CC74F7100D2A38C /* PokemonViewModelFactory.swift in Sources */ = {isa = PBXBuildFile; fileRef = 18CE7A512CC74F7100D2A38C /* PokemonViewModelFactory.swift */; };
		18FECEDC2CC4F785008E68C6 /* PokemonRemoteRepository.swift in Sources */ = {isa = PBXBuildFile; fileRef = 18FECEDB2CC4F785008E68C6 /* PokemonRemoteRepository.swift */; };
		18FECEDE2CC5051C008E68C6 /* PokemonDTO.swift in Sources */ = {isa = PBXBuildFile; fileRef = 18FECEDD2CC5051C008E68C6 /* PokemonDTO.swift */; };
		18FECEE02CC50582008E68C6 /* PokemonRequest.swift in Sources */ = {isa = PBXBuildFile; fileRef = 18FECEDF2CC50582008E68C6 /* PokemonRequest.swift */; };
		18FECEE22CC50CE2008E68C6 /* PokemonUseCase.swift in Sources */ = {isa = PBXBuildFile; fileRef = 18FECEE12CC50CE2008E68C6 /* PokemonUseCase.swift */; };
		18FECEE42CC50F55008E68C6 /* PokemonDomainModel.swift in Sources */ = {isa = PBXBuildFile; fileRef = 18FECEE32CC50F55008E68C6 /* PokemonDomainModel.swift */; };
		18FECEE62CC51D60008E68C6 /* PokemonViewModel.swift in Sources */ = {isa = PBXBuildFile; fileRef = 18FECEE52CC51D60008E68C6 /* PokemonViewModel.swift */; };
		18FECEE82CC543CD008E68C6 /* DownloadImageRequest.swift in Sources */ = {isa = PBXBuildFile; fileRef = 18FECEE72CC543CD008E68C6 /* DownloadImageRequest.swift */; };
		18FECEF12CC6210D008E68C6 /* PokemonImageView.swift in Sources */ = {isa = PBXBuildFile; fileRef = 18FECEF02CC6210D008E68C6 /* PokemonImageView.swift */; };
		18FECEF32CC621FD008E68C6 /* PokemonImageBorder.swift in Sources */ = {isa = PBXBuildFile; fileRef = 18FECEF22CC621FD008E68C6 /* PokemonImageBorder.swift */; };
		18FECEF52CC62225008E68C6 /* CardBackground.swift in Sources */ = {isa = PBXBuildFile; fileRef = 18FECEF42CC62225008E68C6 /* CardBackground.swift */; };
		18FECEF82CC62268008E68C6 /* InfoRow.swift in Sources */ = {isa = PBXBuildFile; fileRef = 18FECEF72CC62268008E68C6 /* InfoRow.swift */; };
		18FECEFA2CC62296008E68C6 /* TypeBadge.swift in Sources */ = {isa = PBXBuildFile; fileRef = 18FECEF92CC62296008E68C6 /* TypeBadge.swift */; };
		18FECEFD2CC622E6008E68C6 /* PokemonInfoCard.swift in Sources */ = {isa = PBXBuildFile; fileRef = 18FECEFC2CC622E5008E68C6 /* PokemonInfoCard.swift */; };
		18FECEFF2CC62340008E68C6 /* PokemonTypeCard.swift in Sources */ = {isa = PBXBuildFile; fileRef = 18FECEFE2CC62340008E68C6 /* PokemonTypeCard.swift */; };
		18FECF012CC62402008E68C6 /* Font+extension.swift in Sources */ = {isa = PBXBuildFile; fileRef = 18FECF002CC62402008E68C6 /* Font+extension.swift */; };
		18FECF192CC629BC008E68C6 /* Manrope-Regular.ttf in Resources */ = {isa = PBXBuildFile; fileRef = 18FECF122CC629BB008E68C6 /* Manrope-Regular.ttf */; };
		18FECF1A2CC629BC008E68C6 /* Manrope-ExtraBold.ttf in Resources */ = {isa = PBXBuildFile; fileRef = 18FECF132CC629BB008E68C6 /* Manrope-ExtraBold.ttf */; };
		18FECF1B2CC629BC008E68C6 /* Manrope-Bold.ttf in Resources */ = {isa = PBXBuildFile; fileRef = 18FECF142CC629BB008E68C6 /* Manrope-Bold.ttf */; };
		18FECF1C2CC629BC008E68C6 /* Manrope-SemiBold.ttf in Resources */ = {isa = PBXBuildFile; fileRef = 18FECF152CC629BB008E68C6 /* Manrope-SemiBold.ttf */; };
		18FECF1D2CC629BC008E68C6 /* Manrope-ExtraLight.ttf in Resources */ = {isa = PBXBuildFile; fileRef = 18FECF162CC629BC008E68C6 /* Manrope-ExtraLight.ttf */; };
		18FECF1E2CC629BC008E68C6 /* Manrope-Medium.ttf in Resources */ = {isa = PBXBuildFile; fileRef = 18FECF172CC629BC008E68C6 /* Manrope-Medium.ttf */; };
		18FECF1F2CC629BC008E68C6 /* Manrope-Light.ttf in Resources */ = {isa = PBXBuildFile; fileRef = 18FECF182CC629BC008E68C6 /* Manrope-Light.ttf */; };
/* End PBXBuildFile section */

/* Begin PBXContainerItemProxy section */
		18B6049E2CC292E3004653BA /* PBXContainerItemProxy */ = {
			isa = PBXContainerItemProxy;
			containerPortal = 18B604762CC28D39004653BA /* Project object */;
			proxyType = 1;
			remoteGlobalIDString = 18B6047D2CC28D39004653BA;
			remoteInfo = "PokeAPI-interview-test";
		};
/* End PBXContainerItemProxy section */

/* Begin PBXFileReference section */
		18B6047E2CC28D39004653BA /* PokeAPI-interview-test.app */ = {isa = PBXFileReference; explicitFileType = wrapper.application; includeInIndex = 0; path = "PokeAPI-interview-test.app"; sourceTree = BUILT_PRODUCTS_DIR; };
		18B604812CC28D39004653BA /* PokeAPI_interview_testApp.swift */ = {isa = PBXFileReference; lastKnownFileType = sourcecode.swift; path = PokeAPI_interview_testApp.swift; sourceTree = "<group>"; };
		18B604832CC28D39004653BA /* PokemonView.swift */ = {isa = PBXFileReference; lastKnownFileType = sourcecode.swift; path = PokemonView.swift; sourceTree = "<group>"; };
		18B604852CC28D3E004653BA /* Assets.xcassets */ = {isa = PBXFileReference; lastKnownFileType = folder.assetcatalog; path = Assets.xcassets; sourceTree = "<group>"; };
		18B604882CC28D3E004653BA /* Preview Assets.xcassets */ = {isa = PBXFileReference; lastKnownFileType = folder.assetcatalog; path = "Preview Assets.xcassets"; sourceTree = "<group>"; };
		18B6048F2CC28E10004653BA /* HTTPClient.swift */ = {isa = PBXFileReference; lastKnownFileType = sourcecode.swift; path = HTTPClient.swift; sourceTree = "<group>"; };
		18B604912CC29164004653BA /* RequestType.swift */ = {isa = PBXFileReference; lastKnownFileType = sourcecode.swift; path = RequestType.swift; sourceTree = "<group>"; };
		18B604932CC2924B004653BA /* URLSessionHTTPClient.swift */ = {isa = PBXFileReference; lastKnownFileType = sourcecode.swift; path = URLSessionHTTPClient.swift; sourceTree = "<group>"; };
		18B6049A2CC292E3004653BA /* PokeAPI-interview-test_Tests.xctest */ = {isa = PBXFileReference; explicitFileType = wrapper.cfbundle; includeInIndex = 0; path = "PokeAPI-interview-test_Tests.xctest"; sourceTree = BUILT_PRODUCTS_DIR; };
		18B6049C2CC292E3004653BA /* HTTPClientEndToEndTests.swift */ = {isa = PBXFileReference; lastKnownFileType = sourcecode.swift; path = HTTPClientEndToEndTests.swift; sourceTree = "<group>"; };
		18CE7A512CC74F7100D2A38C /* PokemonViewModelFactory.swift */ = {isa = PBXFileReference; lastKnownFileType = sourcecode.swift; path = PokemonViewModelFactory.swift; sourceTree = "<group>"; };
		18FECEDB2CC4F785008E68C6 /* PokemonRemoteRepository.swift */ = {isa = PBXFileReference; lastKnownFileType = sourcecode.swift; path = PokemonRemoteRepository.swift; sourceTree = "<group>"; };
		18FECEDD2CC5051C008E68C6 /* PokemonDTO.swift */ = {isa = PBXFileReference; lastKnownFileType = sourcecode.swift; path = PokemonDTO.swift; sourceTree = "<group>"; };
		18FECEDF2CC50582008E68C6 /* PokemonRequest.swift */ = {isa = PBXFileReference; lastKnownFileType = sourcecode.swift; path = PokemonRequest.swift; sourceTree = "<group>"; };
		18FECEE12CC50CE2008E68C6 /* PokemonUseCase.swift */ = {isa = PBXFileReference; lastKnownFileType = sourcecode.swift; path = PokemonUseCase.swift; sourceTree = "<group>"; };
		18FECEE32CC50F55008E68C6 /* PokemonDomainModel.swift */ = {isa = PBXFileReference; lastKnownFileType = sourcecode.swift; path = PokemonDomainModel.swift; sourceTree = "<group>"; };
		18FECEE52CC51D60008E68C6 /* PokemonViewModel.swift */ = {isa = PBXFileReference; lastKnownFileType = sourcecode.swift; path = PokemonViewModel.swift; sourceTree = "<group>"; };
		18FECEE72CC543CD008E68C6 /* DownloadImageRequest.swift */ = {isa = PBXFileReference; lastKnownFileType = sourcecode.swift; path = DownloadImageRequest.swift; sourceTree = "<group>"; };
		18FECEF02CC6210D008E68C6 /* PokemonImageView.swift */ = {isa = PBXFileReference; lastKnownFileType = sourcecode.swift; path = PokemonImageView.swift; sourceTree = "<group>"; };
		18FECEF22CC621FD008E68C6 /* PokemonImageBorder.swift */ = {isa = PBXFileReference; lastKnownFileType = sourcecode.swift; path = PokemonImageBorder.swift; sourceTree = "<group>"; };
		18FECEF42CC62225008E68C6 /* CardBackground.swift */ = {isa = PBXFileReference; lastKnownFileType = sourcecode.swift; path = CardBackground.swift; sourceTree = "<group>"; };
		18FECEF72CC62268008E68C6 /* InfoRow.swift */ = {isa = PBXFileReference; lastKnownFileType = sourcecode.swift; path = InfoRow.swift; sourceTree = "<group>"; };
		18FECEF92CC62296008E68C6 /* TypeBadge.swift */ = {isa = PBXFileReference; lastKnownFileType = sourcecode.swift; path = TypeBadge.swift; sourceTree = "<group>"; };
		18FECEFC2CC622E5008E68C6 /* PokemonInfoCard.swift */ = {isa = PBXFileReference; lastKnownFileType = sourcecode.swift; path = PokemonInfoCard.swift; sourceTree = "<group>"; };
		18FECEFE2CC62340008E68C6 /* PokemonTypeCard.swift */ = {isa = PBXFileReference; lastKnownFileType = sourcecode.swift; path = PokemonTypeCard.swift; sourceTree = "<group>"; };
		18FECF002CC62402008E68C6 /* Font+extension.swift */ = {isa = PBXFileReference; lastKnownFileType = sourcecode.swift; path = "Font+extension.swift"; sourceTree = "<group>"; };
		18FECF0A2CC6249C008E68C6 /* PokeAPI-interview-test-Tests-Info.plist */ = {isa = PBXFileReference; lastKnownFileType = text.plist; path = "PokeAPI-interview-test-Tests-Info.plist"; sourceTree = SOURCE_ROOT; };
		18FECF122CC629BB008E68C6 /* Manrope-Regular.ttf */ = {isa = PBXFileReference; lastKnownFileType = file; path = "Manrope-Regular.ttf"; sourceTree = "<group>"; };
		18FECF132CC629BB008E68C6 /* Manrope-ExtraBold.ttf */ = {isa = PBXFileReference; lastKnownFileType = file; path = "Manrope-ExtraBold.ttf"; sourceTree = "<group>"; };
		18FECF142CC629BB008E68C6 /* Manrope-Bold.ttf */ = {isa = PBXFileReference; lastKnownFileType = file; path = "Manrope-Bold.ttf"; sourceTree = "<group>"; };
		18FECF152CC629BB008E68C6 /* Manrope-SemiBold.ttf */ = {isa = PBXFileReference; lastKnownFileType = file; path = "Manrope-SemiBold.ttf"; sourceTree = "<group>"; };
		18FECF162CC629BC008E68C6 /* Manrope-ExtraLight.ttf */ = {isa = PBXFileReference; lastKnownFileType = file; path = "Manrope-ExtraLight.ttf"; sourceTree = "<group>"; };
		18FECF172CC629BC008E68C6 /* Manrope-Medium.ttf */ = {isa = PBXFileReference; lastKnownFileType = file; path = "Manrope-Medium.ttf"; sourceTree = "<group>"; };
		18FECF182CC629BC008E68C6 /* Manrope-Light.ttf */ = {isa = PBXFileReference; lastKnownFileType = file; path = "Manrope-Light.ttf"; sourceTree = "<group>"; };
/* End PBXFileReference section */

/* Begin PBXFrameworksBuildPhase section */
		18B6047B2CC28D39004653BA /* Frameworks */ = {
			isa = PBXFrameworksBuildPhase;
			buildActionMask = 2147483647;
			files = (
			);
			runOnlyForDeploymentPostprocessing = 0;
		};
		18B604972CC292E3004653BA /* Frameworks */ = {
			isa = PBXFrameworksBuildPhase;
			buildActionMask = 2147483647;
			files = (
			);
			runOnlyForDeploymentPostprocessing = 0;
		};
/* End PBXFrameworksBuildPhase section */

/* Begin PBXGroup section */
		18B604752CC28D39004653BA = {
			isa = PBXGroup;
			children = (
				18B604802CC28D39004653BA /* PokeAPI-interview-test */,
				18B6049B2CC292E3004653BA /* PokeAPI-interview-test_Tests */,
				18B6047F2CC28D39004653BA /* Products */,
			);
			sourceTree = "<group>";
		};
		18B6047F2CC28D39004653BA /* Products */ = {
			isa = PBXGroup;
			children = (
				18B6047E2CC28D39004653BA /* PokeAPI-interview-test.app */,
				18B6049A2CC292E3004653BA /* PokeAPI-interview-test_Tests.xctest */,
			);
			name = Products;
			sourceTree = "<group>";
		};
		18B604802CC28D39004653BA /* PokeAPI-interview-test */ = {
			isa = PBXGroup;
			children = (
				18B604812CC28D39004653BA /* PokeAPI_interview_testApp.swift */,
				18FECEEF2CC603E9008E68C6 /* View */,
				18FECEE92CC60213008E68C6 /* ViewModel */,
				18FECEEA2CC60236008E68C6 /* UseCase */,
				18FECEEB2CC6024A008E68C6 /* Repository */,
				18FECEED2CC60391008E68C6 /* Service */,
				18CE7A532CC74F8700D2A38C /* Factory */,
				18B604852CC28D3E004653BA /* Assets.xcassets */,
				18FECF092CC6245A008E68C6 /* Font */,
				18B604872CC28D3E004653BA /* Preview Content */,
			);
			path = "PokeAPI-interview-test";
			sourceTree = "<group>";
		};
		18B604872CC28D3E004653BA /* Preview Content */ = {
			isa = PBXGroup;
			children = (
				18B604882CC28D3E004653BA /* Preview Assets.xcassets */,
			);
			path = "Preview Content";
			sourceTree = "<group>";
		};
		18B604952CC29264004653BA /* NetworkModule */ = {
			isa = PBXGroup;
			children = (
				18B6048F2CC28E10004653BA /* HTTPClient.swift */,
				18B604932CC2924B004653BA /* URLSessionHTTPClient.swift */,
				18B604912CC29164004653BA /* RequestType.swift */,
			);
			path = NetworkModule;
			sourceTree = "<group>";
		};
		18B6049B2CC292E3004653BA /* PokeAPI-interview-test_Tests */ = {
			isa = PBXGroup;
			children = (
				18FECF0A2CC6249C008E68C6 /* PokeAPI-interview-test-Tests-Info.plist */,
				18B6049C2CC292E3004653BA /* HTTPClientEndToEndTests.swift */,
			);
			path = "PokeAPI-interview-test_Tests";
			sourceTree = "<group>";
		};
		18CE7A532CC74F8700D2A38C /* Factory */ = {
			isa = PBXGroup;
			children = (
				18CE7A512CC74F7100D2A38C /* PokemonViewModelFactory.swift */,
			);
			path = Factory;
			sourceTree = "<group>";
		};
		18FECEE92CC60213008E68C6 /* ViewModel */ = {
			isa = PBXGroup;
			children = (
				18FECEE52CC51D60008E68C6 /* PokemonViewModel.swift */,
			);
			path = ViewModel;
			sourceTree = "<group>";
		};
		18FECEEA2CC60236008E68C6 /* UseCase */ = {
			isa = PBXGroup;
			children = (
				18FECEE12CC50CE2008E68C6 /* PokemonUseCase.swift */,
			);
			path = UseCase;
			sourceTree = "<group>";
		};
		18FECEEB2CC6024A008E68C6 /* Repository */ = {
			isa = PBXGroup;
			children = (
				18FECEEC2CC60260008E68C6 /* Model */,
				18FECEDB2CC4F785008E68C6 /* PokemonRemoteRepository.swift */,
				18FECEDF2CC50582008E68C6 /* PokemonRequest.swift */,
				18FECEE72CC543CD008E68C6 /* DownloadImageRequest.swift */,
			);
			path = Repository;
			sourceTree = "<group>";
		};
		18FECEEC2CC60260008E68C6 /* Model */ = {
			isa = PBXGroup;
			children = (
				18FECEE32CC50F55008E68C6 /* PokemonDomainModel.swift */,
			);
			path = Model;
			sourceTree = "<group>";
		};
		18FECEED2CC60391008E68C6 /* Service */ = {
			isa = PBXGroup;
			children = (
				18FECEEE2CC6039C008E68C6 /* Model */,
				18B604952CC29264004653BA /* NetworkModule */,
			);
			path = Service;
			sourceTree = "<group>";
		};
		18FECEEE2CC6039C008E68C6 /* Model */ = {
			isa = PBXGroup;
			children = (
				18FECEDD2CC5051C008E68C6 /* PokemonDTO.swift */,
			);
			path = Model;
			sourceTree = "<group>";
		};
		18FECEEF2CC603E9008E68C6 /* View */ = {
			isa = PBXGroup;
			children = (
				18B604832CC28D39004653BA /* PokemonView.swift */,
				18FECEF02CC6210D008E68C6 /* PokemonImageView.swift */,
				18FECEFC2CC622E5008E68C6 /* PokemonInfoCard.swift */,
				18FECEFE2CC62340008E68C6 /* PokemonTypeCard.swift */,
				18FECEF62CC62242008E68C6 /* ViewModifier */,
				18FECEFB2CC622B0008E68C6 /* Component */,
				18FECF202CC62A7E008E68C6 /* Extension */,
			);
			path = View;
			sourceTree = "<group>";
		};
		18FECEF62CC62242008E68C6 /* ViewModifier */ = {
			isa = PBXGroup;
			children = (
				18FECEF22CC621FD008E68C6 /* PokemonImageBorder.swift */,
				18FECEF42CC62225008E68C6 /* CardBackground.swift */,
			);
			path = ViewModifier;
			sourceTree = "<group>";
		};
		18FECEFB2CC622B0008E68C6 /* Component */ = {
			isa = PBXGroup;
			children = (
				18FECEF72CC62268008E68C6 /* InfoRow.swift */,
				18FECEF92CC62296008E68C6 /* TypeBadge.swift */,
			);
			path = Component;
			sourceTree = "<group>";
		};
		18FECF092CC6245A008E68C6 /* Font */ = {
			isa = PBXGroup;
			children = (
				18FECF142CC629BB008E68C6 /* Manrope-Bold.ttf */,
				18FECF132CC629BB008E68C6 /* Manrope-ExtraBold.ttf */,
				18FECF162CC629BC008E68C6 /* Manrope-ExtraLight.ttf */,
				18FECF182CC629BC008E68C6 /* Manrope-Light.ttf */,
				18FECF172CC629BC008E68C6 /* Manrope-Medium.ttf */,
				18FECF122CC629BB008E68C6 /* Manrope-Regular.ttf */,
				18FECF152CC629BB008E68C6 /* Manrope-SemiBold.ttf */,
			);
			path = Font;
			sourceTree = "<group>";
		};
		18FECF202CC62A7E008E68C6 /* Extension */ = {
			isa = PBXGroup;
			children = (
				18FECF002CC62402008E68C6 /* Font+extension.swift */,
			);
			path = Extension;
			sourceTree = "<group>";
		};
/* End PBXGroup section */

/* Begin PBXNativeTarget section */
		18B6047D2CC28D39004653BA /* PokeAPI-interview-test */ = {
			isa = PBXNativeTarget;
			buildConfigurationList = 18B6048C2CC28D3E004653BA /* Build configuration list for PBXNativeTarget "PokeAPI-interview-test" */;
			buildPhases = (
				18B6047A2CC28D39004653BA /* Sources */,
				18B6047B2CC28D39004653BA /* Frameworks */,
				18B6047C2CC28D39004653BA /* Resources */,
			);
			buildRules = (
			);
			dependencies = (
			);
			name = "PokeAPI-interview-test";
			productName = "PokeAPI-interview-test";
			productReference = 18B6047E2CC28D39004653BA /* PokeAPI-interview-test.app */;
			productType = "com.apple.product-type.application";
		};
		18B604992CC292E3004653BA /* PokeAPI-interview-test_Tests */ = {
			isa = PBXNativeTarget;
			buildConfigurationList = 18B604A02CC292E3004653BA /* Build configuration list for PBXNativeTarget "PokeAPI-interview-test_Tests" */;
			buildPhases = (
				18B604962CC292E3004653BA /* Sources */,
				18B604972CC292E3004653BA /* Frameworks */,
				18B604982CC292E3004653BA /* Resources */,
			);
			buildRules = (
			);
			dependencies = (
				18B6049F2CC292E3004653BA /* PBXTargetDependency */,
			);
			name = "PokeAPI-interview-test_Tests";
			productName = "PokeAPI-interview-test_Tests";
			productReference = 18B6049A2CC292E3004653BA /* PokeAPI-interview-test_Tests.xctest */;
			productType = "com.apple.product-type.bundle.unit-test";
		};
/* End PBXNativeTarget section */

/* Begin PBXProject section */
		18B604762CC28D39004653BA /* Project object */ = {
			isa = PBXProject;
			attributes = {
				BuildIndependentTargetsInParallel = 1;
				LastSwiftUpdateCheck = 1500;
				LastUpgradeCheck = 1500;
				TargetAttributes = {
					18B6047D2CC28D39004653BA = {
						CreatedOnToolsVersion = 15.0.1;
					};
					18B604992CC292E3004653BA = {
						CreatedOnToolsVersion = 15.0.1;
						TestTargetID = 18B6047D2CC28D39004653BA;
					};
				};
			};
			buildConfigurationList = 18B604792CC28D39004653BA /* Build configuration list for PBXProject "PokeAPI-interview-test" */;
			compatibilityVersion = "Xcode 14.0";
			developmentRegion = en;
			hasScannedForEncodings = 0;
			knownRegions = (
				en,
				Base,
			);
			mainGroup = 18B604752CC28D39004653BA;
			productRefGroup = 18B6047F2CC28D39004653BA /* Products */;
			projectDirPath = "";
			projectRoot = "";
			targets = (
				18B6047D2CC28D39004653BA /* PokeAPI-interview-test */,
				18B604992CC292E3004653BA /* PokeAPI-interview-test_Tests */,
			);
		};
/* End PBXProject section */

/* Begin PBXResourcesBuildPhase section */
		18B6047C2CC28D39004653BA /* Resources */ = {
			isa = PBXResourcesBuildPhase;
			buildActionMask = 2147483647;
			files = (
				18B604892CC28D3E004653BA /* Preview Assets.xcassets in Resources */,
				18FECF1B2CC629BC008E68C6 /* Manrope-Bold.ttf in Resources */,
				18FECF1A2CC629BC008E68C6 /* Manrope-ExtraBold.ttf in Resources */,
				18B604862CC28D3E004653BA /* Assets.xcassets in Resources */,
				18FECF1C2CC629BC008E68C6 /* Manrope-SemiBold.ttf in Resources */,
				18FECF1D2CC629BC008E68C6 /* Manrope-ExtraLight.ttf in Resources */,
				18FECF1E2CC629BC008E68C6 /* Manrope-Medium.ttf in Resources */,
				18FECF1F2CC629BC008E68C6 /* Manrope-Light.ttf in Resources */,
				18FECF192CC629BC008E68C6 /* Manrope-Regular.ttf in Resources */,
			);
			runOnlyForDeploymentPostprocessing = 0;
		};
		18B604982CC292E3004653BA /* Resources */ = {
			isa = PBXResourcesBuildPhase;
			buildActionMask = 2147483647;
			files = (
			);
			runOnlyForDeploymentPostprocessing = 0;
		};
/* End PBXResourcesBuildPhase section */

/* Begin PBXSourcesBuildPhase section */
		18B6047A2CC28D39004653BA /* Sources */ = {
			isa = PBXSourcesBuildPhase;
			buildActionMask = 2147483647;
			files = (
				18FECEFF2CC62340008E68C6 /* PokemonTypeCard.swift in Sources */,
				18FECEF12CC6210D008E68C6 /* PokemonImageView.swift in Sources */,
				18B604842CC28D39004653BA /* PokemonView.swift in Sources */,
				18FECEE82CC543CD008E68C6 /* DownloadImageRequest.swift in Sources */,
				18FECEFA2CC62296008E68C6 /* TypeBadge.swift in Sources */,
				18FECEE02CC50582008E68C6 /* PokemonRequest.swift in Sources */,
				18B604942CC2924B004653BA /* URLSessionHTTPClient.swift in Sources */,
				18B604822CC28D39004653BA /* PokeAPI_interview_testApp.swift in Sources */,
				18FECEE22CC50CE2008E68C6 /* PokemonUseCase.swift in Sources */,
				18FECEE42CC50F55008E68C6 /* PokemonDomainModel.swift in Sources */,
				18B604902CC28E10004653BA /* HTTPClient.swift in Sources */,
				18FECEF52CC62225008E68C6 /* CardBackground.swift in Sources */,
				18FECEFD2CC622E6008E68C6 /* PokemonInfoCard.swift in Sources */,
				18FECEE62CC51D60008E68C6 /* PokemonViewModel.swift in Sources */,
				18FECF012CC62402008E68C6 /* Font+extension.swift in Sources */,
				18B604922CC29164004653BA /* RequestType.swift in Sources */,
				18FECEF82CC62268008E68C6 /* InfoRow.swift in Sources */,
				18FECEDC2CC4F785008E68C6 /* PokemonRemoteRepository.swift in Sources */,
				18FECEDE2CC5051C008E68C6 /* PokemonDTO.swift in Sources */,
				18FECEF32CC621FD008E68C6 /* PokemonImageBorder.swift in Sources */,
				18CE7A522CC74F7100D2A38C /* PokemonViewModelFactory.swift in Sources */,
			);
			runOnlyForDeploymentPostprocessing = 0;
		};
		18B604962CC292E3004653BA /* Sources */ = {
			isa = PBXSourcesBuildPhase;
			buildActionMask = 2147483647;
			files = (
				18B6049D2CC292E3004653BA /* HTTPClientEndToEndTests.swift in Sources */,
			);
			runOnlyForDeploymentPostprocessing = 0;
		};
/* End PBXSourcesBuildPhase section */

/* Begin PBXTargetDependency section */
		18B6049F2CC292E3004653BA /* PBXTargetDependency */ = {
			isa = PBXTargetDependency;
			target = 18B6047D2CC28D39004653BA /* PokeAPI-interview-test */;
			targetProxy = 18B6049E2CC292E3004653BA /* PBXContainerItemProxy */;
		};
/* End PBXTargetDependency section */

/* Begin XCBuildConfiguration section */
		18B6048A2CC28D3E004653BA /* Debug */ = {
			isa = XCBuildConfiguration;
			buildSettings = {
				ALWAYS_SEARCH_USER_PATHS = NO;
				ASSETCATALOG_COMPILER_GENERATE_SWIFT_ASSET_SYMBOL_EXTENSIONS = YES;
				CLANG_ANALYZER_NONNULL = YES;
				CLANG_ANALYZER_NUMBER_OBJECT_CONVERSION = YES_AGGRESSIVE;
				CLANG_CXX_LANGUAGE_STANDARD = "gnu++20";
				CLANG_ENABLE_MODULES = YES;
				CLANG_ENABLE_OBJC_ARC = YES;
				CLANG_ENABLE_OBJC_WEAK = YES;
				CLANG_WARN_BLOCK_CAPTURE_AUTORELEASING = YES;
				CLANG_WARN_BOOL_CONVERSION = YES;
				CLANG_WARN_COMMA = YES;
				CLANG_WARN_CONSTANT_CONVERSION = YES;
				CLANG_WARN_DEPRECATED_OBJC_IMPLEMENTATIONS = YES;
				CLANG_WARN_DIRECT_OBJC_ISA_USAGE = YES_ERROR;
				CLANG_WARN_DOCUMENTATION_COMMENTS = YES;
				CLANG_WARN_EMPTY_BODY = YES;
				CLANG_WARN_ENUM_CONVERSION = YES;
				CLANG_WARN_INFINITE_RECURSION = YES;
				CLANG_WARN_INT_CONVERSION = YES;
				CLANG_WARN_NON_LITERAL_NULL_CONVERSION = YES;
				CLANG_WARN_OBJC_IMPLICIT_RETAIN_SELF = YES;
				CLANG_WARN_OBJC_LITERAL_CONVERSION = YES;
				CLANG_WARN_OBJC_ROOT_CLASS = YES_ERROR;
				CLANG_WARN_QUOTED_INCLUDE_IN_FRAMEWORK_HEADER = YES;
				CLANG_WARN_RANGE_LOOP_ANALYSIS = YES;
				CLANG_WARN_STRICT_PROTOTYPES = YES;
				CLANG_WARN_SUSPICIOUS_MOVE = YES;
				CLANG_WARN_UNGUARDED_AVAILABILITY = YES_AGGRESSIVE;
				CLANG_WARN_UNREACHABLE_CODE = YES;
				CLANG_WARN__DUPLICATE_METHOD_MATCH = YES;
				COPY_PHASE_STRIP = NO;
				DEBUG_INFORMATION_FORMAT = dwarf;
				ENABLE_STRICT_OBJC_MSGSEND = YES;
				ENABLE_TESTABILITY = YES;
				ENABLE_USER_SCRIPT_SANDBOXING = YES;
				GCC_C_LANGUAGE_STANDARD = gnu17;
				GCC_DYNAMIC_NO_PIC = NO;
				GCC_NO_COMMON_BLOCKS = YES;
				GCC_OPTIMIZATION_LEVEL = 0;
				GCC_PREPROCESSOR_DEFINITIONS = (
					"DEBUG=1",
					"$(inherited)",
				);
				GCC_WARN_64_TO_32_BIT_CONVERSION = YES;
				GCC_WARN_ABOUT_RETURN_TYPE = YES_ERROR;
				GCC_WARN_UNDECLARED_SELECTOR = YES;
				GCC_WARN_UNINITIALIZED_AUTOS = YES_AGGRESSIVE;
				GCC_WARN_UNUSED_FUNCTION = YES;
				GCC_WARN_UNUSED_VARIABLE = YES;
				IPHONEOS_DEPLOYMENT_TARGET = 17.0;
				LOCALIZATION_PREFERS_STRING_CATALOGS = YES;
				MTL_ENABLE_DEBUG_INFO = INCLUDE_SOURCE;
				MTL_FAST_MATH = YES;
				ONLY_ACTIVE_ARCH = YES;
				SDKROOT = iphoneos;
				SWIFT_ACTIVE_COMPILATION_CONDITIONS = "DEBUG $(inherited)";
				SWIFT_OPTIMIZATION_LEVEL = "-Onone";
			};
			name = Debug;
		};
		18B6048B2CC28D3E004653BA /* Release */ = {
			isa = XCBuildConfiguration;
			buildSettings = {
				ALWAYS_SEARCH_USER_PATHS = NO;
				ASSETCATALOG_COMPILER_GENERATE_SWIFT_ASSET_SYMBOL_EXTENSIONS = YES;
				CLANG_ANALYZER_NONNULL = YES;
				CLANG_ANALYZER_NUMBER_OBJECT_CONVERSION = YES_AGGRESSIVE;
				CLANG_CXX_LANGUAGE_STANDARD = "gnu++20";
				CLANG_ENABLE_MODULES = YES;
				CLANG_ENABLE_OBJC_ARC = YES;
				CLANG_ENABLE_OBJC_WEAK = YES;
				CLANG_WARN_BLOCK_CAPTURE_AUTORELEASING = YES;
				CLANG_WARN_BOOL_CONVERSION = YES;
				CLANG_WARN_COMMA = YES;
				CLANG_WARN_CONSTANT_CONVERSION = YES;
				CLANG_WARN_DEPRECATED_OBJC_IMPLEMENTATIONS = YES;
				CLANG_WARN_DIRECT_OBJC_ISA_USAGE = YES_ERROR;
				CLANG_WARN_DOCUMENTATION_COMMENTS = YES;
				CLANG_WARN_EMPTY_BODY = YES;
				CLANG_WARN_ENUM_CONVERSION = YES;
				CLANG_WARN_INFINITE_RECURSION = YES;
				CLANG_WARN_INT_CONVERSION = YES;
				CLANG_WARN_NON_LITERAL_NULL_CONVERSION = YES;
				CLANG_WARN_OBJC_IMPLICIT_RETAIN_SELF = YES;
				CLANG_WARN_OBJC_LITERAL_CONVERSION = YES;
				CLANG_WARN_OBJC_ROOT_CLASS = YES_ERROR;
				CLANG_WARN_QUOTED_INCLUDE_IN_FRAMEWORK_HEADER = YES;
				CLANG_WARN_RANGE_LOOP_ANALYSIS = YES;
				CLANG_WARN_STRICT_PROTOTYPES = YES;
				CLANG_WARN_SUSPICIOUS_MOVE = YES;
				CLANG_WARN_UNGUARDED_AVAILABILITY = YES_AGGRESSIVE;
				CLANG_WARN_UNREACHABLE_CODE = YES;
				CLANG_WARN__DUPLICATE_METHOD_MATCH = YES;
				COPY_PHASE_STRIP = NO;
				DEBUG_INFORMATION_FORMAT = "dwarf-with-dsym";
				ENABLE_NS_ASSERTIONS = NO;
				ENABLE_STRICT_OBJC_MSGSEND = YES;
				ENABLE_USER_SCRIPT_SANDBOXING = YES;
				GCC_C_LANGUAGE_STANDARD = gnu17;
				GCC_NO_COMMON_BLOCKS = YES;
				GCC_WARN_64_TO_32_BIT_CONVERSION = YES;
				GCC_WARN_ABOUT_RETURN_TYPE = YES_ERROR;
				GCC_WARN_UNDECLARED_SELECTOR = YES;
				GCC_WARN_UNINITIALIZED_AUTOS = YES_AGGRESSIVE;
				GCC_WARN_UNUSED_FUNCTION = YES;
				GCC_WARN_UNUSED_VARIABLE = YES;
				IPHONEOS_DEPLOYMENT_TARGET = 17.0;
				LOCALIZATION_PREFERS_STRING_CATALOGS = YES;
				MTL_ENABLE_DEBUG_INFO = NO;
				MTL_FAST_MATH = YES;
				SDKROOT = iphoneos;
				SWIFT_COMPILATION_MODE = wholemodule;
				VALIDATE_PRODUCT = YES;
			};
			name = Release;
		};
		18B6048D2CC28D3E004653BA /* Debug */ = {
			isa = XCBuildConfiguration;
			buildSettings = {
				ASSETCATALOG_COMPILER_APPICON_NAME = AppIcon;
				ASSETCATALOG_COMPILER_GLOBAL_ACCENT_COLOR_NAME = AccentColor;
				CODE_SIGN_STYLE = Automatic;
				CURRENT_PROJECT_VERSION = 1;
				DEVELOPMENT_ASSET_PATHS = "\"PokeAPI-interview-test/Preview Content\"";
				DEVELOPMENT_TEAM = 65QQ97XV3Q;
				ENABLE_PREVIEWS = YES;
				GENERATE_INFOPLIST_FILE = YES;
				INFOPLIST_KEY_UIApplicationSceneManifest_Generation = YES;
				INFOPLIST_KEY_UIApplicationSupportsIndirectInputEvents = YES;
				INFOPLIST_KEY_UILaunchScreen_Generation = YES;
				INFOPLIST_KEY_UISupportedInterfaceOrientations = "UIInterfaceOrientationLandscapeLeft UIInterfaceOrientationLandscapeRight UIInterfaceOrientationPortrait";
				IPHONEOS_DEPLOYMENT_TARGET = 15.0;
				LD_RUNPATH_SEARCH_PATHS = (
					"$(inherited)",
					"@executable_path/Frameworks",
				);
				MARKETING_VERSION = 1.0;
				PRODUCT_BUNDLE_IDENTIFIER = "com.judytsai.PokeAPI-interview-test";
				PRODUCT_NAME = "$(TARGET_NAME)";
				SWIFT_EMIT_LOC_STRINGS = YES;
				SWIFT_VERSION = 5.0;
				TARGETED_DEVICE_FAMILY = "1,2";
			};
			name = Debug;
		};
		18B6048E2CC28D3E004653BA /* Release */ = {
			isa = XCBuildConfiguration;
			buildSettings = {
				ASSETCATALOG_COMPILER_APPICON_NAME = AppIcon;
				ASSETCATALOG_COMPILER_GLOBAL_ACCENT_COLOR_NAME = AccentColor;
				CODE_SIGN_STYLE = Automatic;
				CURRENT_PROJECT_VERSION = 1;
				DEVELOPMENT_ASSET_PATHS = "\"PokeAPI-interview-test/Preview Content\"";
				DEVELOPMENT_TEAM = 65QQ97XV3Q;
				ENABLE_PREVIEWS = YES;
				GENERATE_INFOPLIST_FILE = YES;
				INFOPLIST_KEY_UIApplicationSceneManifest_Generation = YES;
				INFOPLIST_KEY_UIApplicationSupportsIndirectInputEvents = YES;
				INFOPLIST_KEY_UILaunchScreen_Generation = YES;
				INFOPLIST_KEY_UISupportedInterfaceOrientations = "UIInterfaceOrientationLandscapeLeft UIInterfaceOrientationLandscapeRight UIInterfaceOrientationPortrait";
				IPHONEOS_DEPLOYMENT_TARGET = 15.0;
				LD_RUNPATH_SEARCH_PATHS = (
					"$(inherited)",
					"@executable_path/Frameworks",
				);
				MARKETING_VERSION = 1.0;
				PRODUCT_BUNDLE_IDENTIFIER = "com.judytsai.PokeAPI-interview-test";
				PRODUCT_NAME = "$(TARGET_NAME)";
				SWIFT_EMIT_LOC_STRINGS = YES;
				SWIFT_VERSION = 5.0;
				TARGETED_DEVICE_FAMILY = "1,2";
			};
			name = Release;
		};
		18B604A12CC292E3004653BA /* Debug */ = {
			isa = XCBuildConfiguration;
			buildSettings = {
				BUNDLE_LOADER = "$(TEST_HOST)";
				CODE_SIGN_STYLE = Automatic;
				CURRENT_PROJECT_VERSION = 1;
				DEVELOPMENT_TEAM = 65QQ97XV3Q;
				GENERATE_INFOPLIST_FILE = YES;
				INFOPLIST_FILE = "PokeAPI-interview-test-Tests-Info.plist";
				MARKETING_VERSION = 1.0;
				PRODUCT_BUNDLE_IDENTIFIER = "com.judytsai.PokeAPI-interview-test-Tests";
				PRODUCT_NAME = "$(TARGET_NAME)";
				SWIFT_EMIT_LOC_STRINGS = NO;
				SWIFT_VERSION = 5.0;
				TARGETED_DEVICE_FAMILY = "1,2";
				TEST_HOST = "$(BUILT_PRODUCTS_DIR)/PokeAPI-interview-test.app/$(BUNDLE_EXECUTABLE_FOLDER_PATH)/PokeAPI-interview-test";
			};
			name = Debug;
		};
		18B604A22CC292E3004653BA /* Release */ = {
			isa = XCBuildConfiguration;
			buildSettings = {
				BUNDLE_LOADER = "$(TEST_HOST)";
				CODE_SIGN_STYLE = Automatic;
				CURRENT_PROJECT_VERSION = 1;
				DEVELOPMENT_TEAM = 65QQ97XV3Q;
				GENERATE_INFOPLIST_FILE = YES;
				INFOPLIST_FILE = "PokeAPI-interview-test-Tests-Info.plist";
				MARKETING_VERSION = 1.0;
				PRODUCT_BUNDLE_IDENTIFIER = "com.judytsai.PokeAPI-interview-test-Tests";
				PRODUCT_NAME = "$(TARGET_NAME)";
				SWIFT_EMIT_LOC_STRINGS = NO;
				SWIFT_VERSION = 5.0;
				TARGETED_DEVICE_FAMILY = "1,2";
				TEST_HOST = "$(BUILT_PRODUCTS_DIR)/PokeAPI-interview-test.app/$(BUNDLE_EXECUTABLE_FOLDER_PATH)/PokeAPI-interview-test";
			};
			name = Release;
		};
/* End XCBuildConfiguration section */

/* Begin XCConfigurationList section */
		18B604792CC28D39004653BA /* Build configuration list for PBXProject "PokeAPI-interview-test" */ = {
			isa = XCConfigurationList;
			buildConfigurations = (
				18B6048A2CC28D3E004653BA /* Debug */,
				18B6048B2CC28D3E004653BA /* Release */,
			);
			defaultConfigurationIsVisible = 0;
			defaultConfigurationName = Release;
		};
		18B6048C2CC28D3E004653BA /* Build configuration list for PBXNativeTarget "PokeAPI-interview-test" */ = {
			isa = XCConfigurationList;
			buildConfigurations = (
				18B6048D2CC28D3E004653BA /* Debug */,
				18B6048E2CC28D3E004653BA /* Release */,
			);
			defaultConfigurationIsVisible = 0;
			defaultConfigurationName = Release;
		};
		18B604A02CC292E3004653BA /* Build configuration list for PBXNativeTarget "PokeAPI-interview-test_Tests" */ = {
			isa = XCConfigurationList;
			buildConfigurations = (
				18B604A12CC292E3004653BA /* Debug */,
				18B604A22CC292E3004653BA /* Release */,
			);
			defaultConfigurationIsVisible = 0;
			defaultConfigurationName = Release;
		};
/* End XCConfigurationList section */
	};
	rootObject = 18B604762CC28D39004653BA /* Project object */;
}
